{
    "_meta": {
        "hash": {
            "sha256": "b5037b95d40d818e710d7e2f55020962a9b5b989747da006508c731b79e7d98b"
        },
        "pipfile-spec": 6,
        "requires": {
            "python_version": "2.7"
        },
        "sources": [
            {
                "name": "pypi",
                "url": "https://pypi.org/simple",
                "verify_ssl": true
            }
        ]
    },
    "default": {
        "apache-beam": {
            "hashes": [
                "sha256:0cc1833c4f1e9ea46cd9bb71325615dffef507debcc2fd1e16f9e8f0be3e4057",
                "sha256:2e4074b6b1f1db8c3190f7a7fb638d6133038078f9facdcab59ba159c5dbe076",
                "sha256:a1ce8cd868922d89f834692f85d341ae23c95ea535144ee603de4608651fd635",
                "sha256:a4cea3897bc0976ae1dfff60ed0f73531a04024fc2e5f054beb16986970c51db",
                "sha256:bc0e53da87f0d90fc04bd2c76e6a6ed486e006a66e6fe5c1d0c4146d1b0f329b",
                "sha256:f4661658a2642c9f4fabb34c265a3da0e3dc2113df7926834f32e18a8803ef37"
            ],
            "version": "==2.5.0"
        },
        "avro": {
            "hashes": [
                "sha256:8f9ee40830b70b5fb52a419711c9c4ad0336443a6fba7335060805f961b04b59"
            ],
            "version": "==1.8.2"
        },
        "cachetools": {
            "hashes": [
                "sha256:90f1d559512fc073483fe573ef5ceb39bf6ad3d39edc98dc55178a2b2b176fa3",
                "sha256:d1c398969c478d336f767ba02040fa22617333293fb0b8968e79b16028dfee35"
            ],
            "version": "==2.1.0"
        },
        "certifi": {
            "hashes": [
                "sha256:13e698f54293db9f89122b0581843a782ad0934a4fe0172d2a980ba77fc61bb7",
                "sha256:9fa520c1bacfb634fa7af20a76bcbd3d5fb390481724c597da32c719a7dca4b0"
            ],
            "version": "==2018.4.16"
        },
        "chardet": {
            "hashes": [
                "sha256:84ab92ed1c4d4f16916e05906b6b75a6c0fb5db821cc65e70cbd64a3e2a5eaae",
                "sha256:fc323ffcaeaed0e0a02bf4d117757b98aed530d9ed4531e3e15460124c106691"
            ],
            "version": "==3.0.4"
        },
        "crcmod": {
            "hashes": [
                "sha256:50586ab48981f11e5b117523d97bb70864a2a1af246cf6e4f5c4a21ef4611cd1",
                "sha256:69a2e5c6c36d0f096a7beb4cd34e5f882ec5fd232efb710cdb85d4ff196bd52e",
                "sha256:737fb308fa2ce9aed2e29075f0d5980d4a89bfbec48a368c607c5c63b3efb90e",
                "sha256:dc7051a0db5f2bd48665a990d3ec1cc305a466a77358ca4492826f41f283601e"
            ],
            "version": "==1.7"
        },
        "dill": {
            "hashes": [
                "sha256:6c1ccca68be483fa8c66e85a89ffc850206c26373aa77a97b83d8d0994e7f1fd"
            ],
            "version": "==0.2.6"
        },
        "docopt": {
            "hashes": [
                "sha256:49b3a825280bd66b3aa83585ef59c4a8c82f2c8a522dbe754a8bc8d08c85c491"
            ],
            "version": "==0.6.2"
        },
        "e1839a8": {
            "editable": true,
            "path": "."
        },
        "enum34": {
            "hashes": [
                "sha256:2d81cbbe0e73112bdfe6ef8576f2238f2ba27dd0d55752a776c41d38b7da2850",
                "sha256:644837f692e5f550741432dd3f223bbb9852018674981b1664e5dc339387588a",
                "sha256:6bd0f6ad48ec2aa117d3d141940d484deccda84d4fcd884f5c3d93c23ecd8c79",
                "sha256:8ad8c4783bf61ded74527bffb48ed9b54166685e4230386a9ed9b1279e2df5b1"
            ],
            "version": "==1.1.6"
        },
        "fasteners": {
            "hashes": [
                "sha256:427c76773fe036ddfa41e57d89086ea03111bbac57c55fc55f3006d027107e18",
                "sha256:564a115ff9698767df401efca29620cbb1a1c2146b7095ebd304b79cc5807a7c"
            ],
            "version": "==0.14.1"
        },
        "funcsigs": {
            "hashes": [
                "sha256:330cc27ccbf7f1e992e69fef78261dc7c6569012cf397db8d3de0234e6c937ca",
                "sha256:a7bb0f2cf3a3fd1ab2732cb49eba4252c2af4240442415b4abce3b87022a8f50"
            ],
            "markers": "python_version < '3.3'",
            "version": "==1.0.2"
        },
        "future": {
            "hashes": [
                "sha256:e39ced1ab767b5936646cedba8bcce582398233d6a627067d4c6a454c90cfedb"
            ],
            "version": "==0.16.0"
        },
        "futures": {
            "hashes": [
                "sha256:9ec02aa7d674acb8618afb127e27fde7fc68994c0437ad759fa094a574adb265",
                "sha256:ec0a6cb848cc212002b9828c3e34c675e0c9ff6741dc445cab6fdd4e1085d1f1"
            ],
            "version": "==3.2.0"
        },
        "gapic-google-cloud-pubsub-v1": {
            "hashes": [
                "sha256:a8cd1d89542085e3b05ca15632b9067a1e45f8c98eb05f3e3ffc25129c694745"
            ],
            "version": "==0.15.4"
        },
        "google-apitools": {
            "hashes": [
                "sha256:0f854ff8946c97bf547adfb89351e51949fb41e127c962d020776dda7a24e1d0",
                "sha256:94db6e79ef64181fa9e4f3474ef29097939fd30f94a8f152c0e6a33d6b1136f7"
            ],
            "version": "==0.5.20"
        },
        "google-auth": {
            "hashes": [
                "sha256:9ca363facbf2622d9ba828017536ccca2e0f58bd15e659b52f312172f8815530",
                "sha256:a4cf9e803f2176b5de442763bd339b313d3f1ed3002e3e1eb6eec1d7c9bbc9b4"
            ],
            "version": "==1.5.1"
        },
        "google-auth-httplib2": {
            "hashes": [
                "sha256:098fade613c25b4527b2c08fa42d11f3c2037dda8995d86de0745228e965d445",
                "sha256:f1c437842155680cf9918df9bc51c1182fda41feef88c34004bd1978c8157e08"
            ],
            "version": "==0.0.3"
        },
        "google-cloud-bigquery": {
            "hashes": [
                "sha256:456be78376730beb28a91375e24a3ef37916fe7938b4fb8b56f589f4b2138439",
                "sha256:6e8cc6914701bbfd8845cc0e0b19c5e2123649fc6ddc49aa945d83629499f4ec"
            ],
            "version": "==0.25.0"
        },
        "google-cloud-core": {
            "hashes": [
                "sha256:1249ee44c445f820eaf99d37904b37961347019dcd3637dbad1f3173260245f2",
                "sha256:4538bfe10b8df7935f1e66c6a1738d41659290dcaeebdd7fe57ead363f4d07c4"
            ],
            "version": "==0.25.0"
        },
        "google-cloud-dataflow": {
            "hashes": [
                "sha256:9bf189e6ee9f82d6dc9646a4ebb4b46e39f38129229173c3a170cbe34ab667fb"
            ],
            "index": "pypi",
            "version": "==2.5.0"
        },
        "google-cloud-pubsub": {
            "hashes": [
                "sha256:61c1fa3ac58a7abe2b0fa619c9a891e4a484c8fa5c7ebe12a7b1e0c49bc3beb1",
                "sha256:80332d93580cd9bcd6fee4c8e64f6aed04f7f92298d3f6cb5c8f4224c871c7b8"
            ],
            "version": "==0.26.0"
        },
        "google-gax": {
            "hashes": [
                "sha256:518e8d5eb90774af2041080d242f4bcec4c6e653226c693901eaf82eda8a395c",
                "sha256:bc60cdfed5c657ea8542ba8102fb43862a1c4809d98ca5aa1fcc92f9d4f7403d"
            ],
            "version": "==0.15.16"
        },
        "googleapis-common-protos": {
            "hashes": [
                "sha256:c075eddaa2628ab519e01b7d75b76e66c40eaa50fc52758d8225f84708950ef2"
            ],
            "version": "==1.5.3"
        },
        "googledatastore": {
            "hashes": [
                "sha256:963e6cec4d8ac47ad02f451e61062156676d269d6d8ba9711464033509308f16"
            ],
            "version": "==7.0.1"
        },
        "grpc-google-iam-v1": {
            "hashes": [
                "sha256:5009e831dcec22f3ff00e89405249d6a838d1449a46ac8224907aa5b0e0b1aec"
            ],
            "version": "==0.11.4"
        },
        "grpcio": {
            "hashes": [
                "sha256:05df31bacb29e5a6000bef5a41458d89a434358908c7f60a5d96b75e65df9dae",
                "sha256:0dd9af65478ba73cb6a69335a0e506dccdc932c9803fa908052bf05c94da18b7",
                "sha256:126324da2d626e52760117508b9d5114d6c81cd07b871e65cb7a966390fe0fa2",
                "sha256:1e03d85ce4d0e369301a51af6be52700b456e8e0710862a03ffe595bdf4d1de3",
                "sha256:29551709182a5b6e884f68424ee25ea1a0eb4532da1d57eceaf378491c287ba2",
                "sha256:2e26f5527886c7d755844c1d32ecd21f4690e349deb08410f9ffd0761a749787",
                "sha256:2fe01f8fc078456f7c810d6106ac912662dd432823be0d81470d54f775fbd89d",
                "sha256:311e86e8fa349d89362831319ce830ce7f4187f4e61ac6ce1d05a0119ec9e362",
                "sha256:339835ce87d824dd76b05b050505aecd498d986990c6790df54b45c555d4fca7",
                "sha256:34b4d43c46f1d7ee9411dba168a0870fd1837abd3d0b5210e6a726e4f6e026fa",
                "sha256:3e1d55fe5c2b981ed438edbe365af855444ec3c5a8f0ff30a0ceb221a9555f09",
                "sha256:4d01b1bc52bffc0a966d02bcfdd7054a27735954d18efb11d084543ff593f2de",
                "sha256:52e97f0bb6b9331330c15b05dc91f019e7730c2f99a54f72054ce274f77557ed",
                "sha256:53daac425bb2ded3e6e8e96187d2feabeba0fe223c7234899664e50e1b970e11",
                "sha256:59434f6c77ed0dc6c83e278ed3c0e6f5991ae583fd1e8c5665f2a844bb33a3b7",
                "sha256:6d9f9ed6bdfa84d9eb418ad0c163560ac5d478c5334cdbaca06cc3fefea00e9c",
                "sha256:84812b2d4edcc081272062fceb71546334e56556bdd687efe63462ba0ff8e00c",
                "sha256:90096135ef8e8656660482675e30e6af4df67616690bfadd13be51ecf9202619",
                "sha256:93318988bc6555ad9ff8ebbf47e56035a95958495385381282b68b991bc4302d",
                "sha256:9496b43a28d7c36fdf9632627d46487c4e53bca51fd964ff662d0e676c151a6d",
                "sha256:96915d5140848c80204e8af57c1a021d4edadf7b99090908b57f93973f071ee1",
                "sha256:975a10b2d9af4d2a0c290777dfbee9548f7064e3854b865742942ee01c0e1623",
                "sha256:997b5854ae17c8f2e1d72abab37f96b96d6a05e536c57ff7f0f6222a7bf53b6c",
                "sha256:9bf0ecab6816690d26d7be3fc8697058451fc82b45516cc1da108d4ba7888178",
                "sha256:a2859269bc99cf062f3832c279ad5440b8bc0677e5a032346fc1a8a80f145542",
                "sha256:aee34b93a47e32970187601d73137d2ba58f8d246d4cd4f07b11e5c7412ee44b",
                "sha256:bc220d9b89787a67cf87798ad2b7fdc54faf97281a3cdd02e23fb653c3c29abd",
                "sha256:c04aea50e4abc1f0933320a45ba445a217ae57afefd72cb8d6cfa8e61f9bf424",
                "sha256:d2e2ee3035cd357fcf4c3dfd38bcb43f5a0658dced5d405f6de41419721c55be",
                "sha256:d5532c239607de8463e1284567e509aa00b848383e095ae243402b879efd9eaa",
                "sha256:e3df35591cc3eb9dc8f257b021b2739d47ea4d26b9e47bdb5ddfafba5214cba8",
                "sha256:e7d0a3ffa7ce3a40d9a2f00e8585264ceb2c0703d07afa39c5345fb33db27cbd"
            ],
            "version": "==1.14.0"
        },
        "hdfs": {
            "hashes": [
                "sha256:a40fe99ccb03b5c3247b33a4110eb21b57405dd7c3f1b775e362e66c19b44bc6"
            ],
            "version": "==2.1.0"
        },
        "httplib2": {
            "hashes": [
                "sha256:c3aba1c9539711551f4d83e857b316b5134a1c4ddce98a875b7027be7dd6d988",
                "sha256:fe187f315336c3daa6616d09f327a6e6560b082fce59723f77336329fdcbfc36"
            ],
            "version": "==0.9.2"
        },
        "idna": {
            "hashes": [
                "sha256:156a6814fb5ac1fc6850fb002e0852d56c0c8d2531923a51032d1b70760e186e",
                "sha256:684a38a6f903c1d71d6d5fac066b58d7768af4de2b832e426ec79c30daa94a16"
            ],
            "version": "==2.7"
        },
        "mock": {
            "hashes": [
                "sha256:5ce3c71c5545b472da17b72268978914d0252980348636840bd34a00b5cc96c1",
                "sha256:b158b6df76edd239b8208d481dc46b6afd45a846b7812ff0ce58971cf5bc8bba"
            ],
            "version": "==2.0.0"
        },
        "monotonic": {
            "hashes": [
                "sha256:23953d55076df038541e648a53676fb24980f7a1be290cdda21300b3bc21dfb0",
                "sha256:552a91f381532e33cbd07c6a2655a21908088962bb8fa7239ecbcc6ad1140cc7"
            ],
            "version": "==1.5"
        },
        "oauth2client": {
            "hashes": [
                "sha256:5b5b056ec6f2304e7920b632885bd157fa71d1a7f3ddd00a43b1541a8d1a2460"
            ],
            "version": "==3.0.0"
        },
        "pbr": {
            "hashes": [
                "sha256:1b8be50d938c9bb75d0eaf7eda111eec1bf6dc88a62a6412e33bf077457e0f45",
                "sha256:b486975c0cafb6beeb50ca0e17ba047647f229087bd74e37f4a7e2cac17d2caa"
            ],
            "version": "==4.2.0"
        },
        "ply": {
            "hashes": [
                "sha256:e7d1bdff026beb159c9942f7a17e102c375638d9478a7ecd4cc0c76afd8de0b8"
            ],
            "version": "==3.8"
        },
        "proto-google-cloud-datastore-v1": {
            "hashes": [
                "sha256:a431bb6a286107900c9ce3c48d316378867293c50a4d8a6c7393264600e916f9"
            ],
            "version": "==0.90.4"
        },
        "proto-google-cloud-pubsub-v1": {
            "hashes": [
                "sha256:74549d55cd492744cff255e8ab2c4df81153be06c08fb6345131fd034976d235"
            ],
            "version": "==0.15.4"
        },
        "protobuf": {
            "hashes": [
                "sha256:12985d9f40c104da2f44ec089449214876809b40fdc5d9e43b93b512b9e74056",
                "sha256:12c97fe27af12fc5d66b23f905ab09dd4fb0c68d5a74a419d914580e6d2e71e3",
                "sha256:327fb9d8a8247bc780b9ea7ed03c0643bc0d22c139b761c9ec1efc7cc3f0923e",
                "sha256:3895319db04c0b3baed74fb66be7ba9f4cd8e88a432b8e71032cdf08b2dfee23",
                "sha256:695072063e256d32335d48b9484451f7c7948edc3dbd419469d6a778602682fc",
                "sha256:7d786f3ef5b33a04e6538089674f244a3b0f588155016559d950989010af97d0",
                "sha256:8bf82bb7a466a54be7272dcb492f71d55a2453a58d862fb74c3f2083f2768543",
                "sha256:9bbc1ae1c33c1bd3a2fc05a3aec328544d2b039ff0ce6f000063628a32fad777",
                "sha256:9e992c68103ab5635728d29fcf132c669cb4e2db24d012685210276185009d17",
                "sha256:9f1087abb67b34e55108bc610936b34363a7aac692023bcbb17e065c253a1f80",
                "sha256:9fefcb92a3784b446abf3641d9a14dad815bee88e0edd10b9a9e0e144d01a991",
                "sha256:a37836aa47d1b81c2db1a6b7a5e79926062b5d76bd962115a0e615551be2b48d",
                "sha256:cca22955443c55cf86f963a4ad7057bca95e4dcde84d6a493066d380cfab3bb0",
                "sha256:d7ac50bc06d31deb07ace6de85556c1d7330e5c0958f3b2af85037d6d1182abf",
                "sha256:dfe6899304b898538f4dc94fa0b281b56b70e40f58afa4c6f807805261cbe2e8"
            ],
            "version": "==3.6.0"
        },
        "pyasn1": {
            "hashes": [
                "sha256:0ad0fe0593dde1e599cac0bf65bb1a4ec663032f0bc68ee44850db4251e8c501",
                "sha256:13794d835643ee970b2c059dbfe4eb5d751e16c693c8baee61c526abd209e5c7",
                "sha256:49a8ed515f26913049113820b462f698e6ed26df62c389dafb6fa3685ddca8de",
                "sha256:74ac8521a0480f228549be20bea555ae35678f0e754c2fbc6f1576b0959bec43",
                "sha256:89399ca8ecd4524f974e926d4ef9e7a787903e01f0a9cdff3131ad1361792fe5",
                "sha256:8f291e0338d519a1a0d07f0b9d03c9265f6be26eb32fdd21af6d3259d14ea49c",
                "sha256:b9d3abc5031e61927c82d4d96c1cec1e55676c1a991623cfed28faea73cdd7ca",
                "sha256:d3bbd726c1a760d4ca596a4d450c380b81737612fe0182f5bb3caebc17461fd9",
                "sha256:dea873d6c907c1cf1341fd88742a61efce33227d7743cb37564ab7d7e77dd9fd",
                "sha256:ded5eea5cb88bc1ce9aa074b5a3092f95ce4741887e317e9b49c7ece75d7ea0e",
                "sha256:e8b69ea2200d42201cbedd486eedb8980f320d4534f83ce2fb468e96aa5545d0",
                "sha256:edad117649643230493aeb4955456ce19ab4b12e94489dde6f7094cdb5a3c87e",
                "sha256:f58f2a3d12fd754aa123e9fa74fb7345333000a035f3921dbdaa08597aa53137"
            ],
            "version": "==0.4.4"
        },
        "pyasn1-modules": {
            "hashes": [
                "sha256:077250b34432520430bc1c80dcbda4e354090785567c33ded35faa6df8d24753",
                "sha256:0da2f947e8ad2697e86fe5fd0e55a4093a2fd79d839c9e19c34e28097db7002c",
                "sha256:35ff894a0b5df8e28b700126b2869c7dcfb2b2db5bc82e5d5e82547069241553",
                "sha256:44688b94841349648b1e1a5a7a3d96e6596d5d4f21d0b59a82307e153c4dc74b",
                "sha256:833716dde880a7f2f2ccdeea9a096842626981ff2a477d8b318c0906367ac11b",
                "sha256:a0cf3e1842e7c60fde97cb22d275eb6f9524f5c5250489e292529de841417547",
                "sha256:a38a8811ea784c0136abfdba73963876328f66172db21a05a82f9515909bfb4e",
                "sha256:a728bb9502d1fdc104c66f24a176b6a70a32e89d1d8a5b55c959233ed51c67be",
                "sha256:c30a098435ea0989c37005a971843e9d3966c7f6d056ddbf052e5061c06e3291",
                "sha256:c355a45b32c5bc1d9893eceb704b0cfcd1126f91b5a7b9ee64c1c05383283381",
                "sha256:e64679de1940f41ead5170fce364d54e7b9e2e862f064727b6bcb5cee753b7a2",
                "sha256:ed71d20225c356881c29f0b1d7a0d6521563a389d9478e8f95d798cc5ba07b88",
                "sha256:f183f0940b9f5ed2ad9d04c80cab2451440fa9af4fc959d85113fadd2e777962"
            ],
            "version": "==0.2.2"
        },
        "pytz": {
            "hashes": [
                "sha256:a061aa0a9e06881eb8b3b2b43f05b9439d6583c206d0a6c340ff72a7b6669053",
                "sha256:ffb9ef1de172603304d9d2819af6f5ece76f2e85ec10692a524dd876e72bf277"
            ],
            "version": "==2018.5"
        },
        "pyvcf": {
            "hashes": [
                "sha256:1b3c833dcf4cca830e8255e3ac0573d2e69f588f71f7a5efb2a92b45d7b70021",
                "sha256:e9d872513d179d229ab61da47a33f42726e9613784d1cb2bac3f8e2642f6f9d9"
            ],
            "version": "==0.6.8"
        },
        "pyyaml": {
            "hashes": [
                "sha256:3d7da3009c0f3e783b2c873687652d83b1bbfd5c88e9813fb7e5b03c0dd3108b",
                "sha256:3ef3092145e9b70e3ddd2c7ad59bdd0252a94dfe3949721633e41344de00a6bf",
                "sha256:40c71b8e076d0550b2e6380bada1f1cd1017b882f7e16f09a65be98e017f211a",
                "sha256:558dd60b890ba8fd982e05941927a3911dc409a63dcb8b634feaa0cda69330d3",
                "sha256:a7c28b45d9f99102fa092bb213aa12e0aaf9a6a1f5e395d36166639c1f96c3a1",
                "sha256:aa7dd4a6a427aed7df6fb7f08a580d68d9b118d90310374716ae90b710280af1",
                "sha256:bc558586e6045763782014934bfaf39d48b8ae85a2713117d16c39864085c613",
                "sha256:d46d7982b62e0729ad0175a9bc7e10a566fc07b224d2c79fafb5e032727eaa04",
                "sha256:d5eef459e30b09f5a098b9cea68bebfeb268697f78d647bd255a085371ac7f3f",
                "sha256:e01d3203230e1786cd91ccfdc8f8454c8069c91bee3962ad93b87a4b2860f537",
                "sha256:e170a9e6fcfd19021dd29845af83bb79236068bf5fd4df3327c1be18182b2531"
            ],
            "version": "==3.13"
        },
        "requests": {
            "hashes": [
                "sha256:63b52e3c866428a224f97cab011de738c36aec0185aa91cfacd418b5d58911d1",
                "sha256:ec22d826a36ed72a7358ff3fe56cbd4ba69dd7a6718ffd450ff0e9df7a47ce6a"
            ],
            "version": "==2.19.1"
        },
        "rsa": {
            "hashes": [
                "sha256:25df4e10c263fb88b5ace923dd84bf9aa7f5019687b5e55382ffcdb8bede9db5",
                "sha256:43f682fea81c452c98d09fc316aae12de6d30c4b5c84226642cf8f8fd1c93abd"
            ],
            "version": "==3.4.2"
        },
        "six": {
            "hashes": [
                "sha256:70e8a77beed4562e7f14fe23a786b54f6296e34344c23bc42f07b15018ff98e9",
                "sha256:832dc0e10feb1aa2c68dcc57dbb658f1c7e65b9b61af69048abc87a2db00a0eb"
            ],
            "version": "==1.11.0"
        },
        "typing": {
            "hashes": [
                "sha256:3a887b021a77b292e151afb75323dea88a7bc1b3dfa92176cff8e44c8b68bddf",
                "sha256:b2c689d54e1144bbcfd191b0832980a21c2dbcf7b5ff7a66248a60c90e951eb8",
                "sha256:d400a9344254803a2368533e4533a4200d21eb7b6b729c173bc38201a74db3f2"
            ],
            "version": "==3.6.4"
        },
        "urllib3": {
            "hashes": [
                "sha256:a68ac5e15e76e7e5dd2b8f94007233e01effe3e50e8daddf69acfd81cb686baf",
                "sha256:b5725a0bd4ba422ab0e66e89e030c806576753ea3ee08554382c14e685d117b5"
            ],
            "version": "==1.23"
        }
    },
    "develop": {}
}
